
Microsoft Visual Studio Solution File, Format Version 12.00
# Visual Studio Version 17
VisualStudioVersion = 17.9.34607.119
MinimumVisualStudioVersion = 10.0.40219.1
Project("{FAE04EC0-301F-11D3-BF4B-00C04F79EFBC}") = "WinFormsApp1", "WinFormsApp1\WinFormsApp1.csproj", "{5045E495-9AAB-4DDD-9F92-31262D43C161}"
EndProject
Global
	GlobalSection(SolutionConfigurationPlatforms) = preSolution
		Debug|Any CPU = Debug|Any CPU
		Release|Any CPU = Release|Any CPU
	EndGlobalSection
	GlobalSection(ProjectConfigurationPlatforms) = postSolution
		{5045E495-9AAB-4DDD-9F92-31262D43C161}.Debug|Any CPU.ActiveCfg = Debug|Any CPU
		{5045E495-9AAB-4DDD-9F92-31262D43C161}.Debug|Any CPU.Build.0 = Debug|Any CPU
		{5045E495-9AAB-4DDD-9F92-31262D43C161}.Release|Any CPU.ActiveCfg = Release|Any CPU
		{5045E495-9AAB-4DDD-9F92-31262D43C161}.Release|Any CPU.Build.0 = Release|Any CPU
	EndGlobalSection
	GlobalSection(SolutionProperties) = preSolution
		HideSolutionNode = FALSE
	EndGlobalSection
	GlobalSection(ExtensibilityGlobals) = postSolution
		SolutionGuid = {400976F4-C237-4CFB-9D09-57C92139BC0C}
	EndGlobalSection
EndGlobal
